
Microsoft Visual Studio Solution File, Format Version 12.00
# Visual Studio 15
VisualStudioVersion = 15.0.28307.852
MinimumVisualStudioVersion = 10.0.40219.1
Project("{8BC9CEB8-8B4A-11D0-8D11-00A0C91BC942}") = "version", "version\version.vcxproj", "{4BE47A9A-050D-47E2-B673-325E46085B44}"
EndProject
Project("{8BC9CEB8-8B4A-11D0-8D11-00A0C91BC942}") = "Patch", "Patch\Patch.vcxproj", "{E1D3AEE0-70A6-4043-901D-C4523E510010}"
EndProject
Global
	GlobalSection(SolutionConfigurationPlatforms) = preSolution
		Debug|x64 = Debug|x64
		Debug|x86 = Debug|x86
		Release|x64 = Release|x64
		Release|x86 = Release|x86
	EndGlobalSection
	GlobalSection(ProjectConfigurationPlatforms) = postSolution
		{4BE47A9A-050D-47E2-B673-325E46085B44}.Debug|x64.ActiveCfg = Debug|x64
		{4BE47A9A-050D-47E2-B673-325E46085B44}.Debug|x64.Build.0 = Debug|x64
		{4BE47A9A-050D-47E2-B673-325E46085B44}.Debug|x86.ActiveCfg = Debug|Win32
		{4BE47A9A-050D-47E2-B673-325E46085B44}.Debug|x86.Build.0 = Debug|Win32
		{4BE47A9A-050D-47E2-B673-325E46085B44}.Release|x64.ActiveCfg = Release|x64
		{4BE47A9A-050D-47E2-B673-325E46085B44}.Release|x64.Build.0 = Release|x64
		{4BE47A9A-050D-47E2-B673-325E46085B44}.Release|x86.ActiveCfg = Release|Win32
		{4BE47A9A-050D-47E2-B673-325E46085B44}.Release|x86.Build.0 = Release|Win32
		{E1D3AEE0-70A6-4043-901D-C4523E510010}.Debug|x64.ActiveCfg = Debug|x64
		{E1D3AEE0-70A6-4043-901D-C4523E510010}.Debug|x64.Build.0 = Debug|x64
		{E1D3AEE0-70A6-4043-901D-C4523E510010}.Debug|x86.ActiveCfg = Debug|Win32
		{E1D3AEE0-70A6-4043-901D-C4523E510010}.Debug|x86.Build.0 = Debug|Win32
		{E1D3AEE0-70A6-4043-901D-C4523E510010}.Release|x64.ActiveCfg = Release|x64
		{E1D3AEE0-70A6-4043-901D-C4523E510010}.Release|x64.Build.0 = Release|x64
		{E1D3AEE0-70A6-4043-901D-C4523E510010}.Release|x86.ActiveCfg = Release|Win32
		{E1D3AEE0-70A6-4043-901D-C4523E510010}.Release|x86.Build.0 = Release|Win32
	EndGlobalSection
	GlobalSection(SolutionProperties) = preSolution
		HideSolutionNode = FALSE
	EndGlobalSection
	GlobalSection(ExtensibilityGlobals) = postSolution
		SolutionGuid = {EF7508A0-EF2E-4FF6-9B70-E4C83B683A39}
	EndGlobalSection
EndGlobal
